// !$*UTF8*$!
{
	archiveVersion = 1;
	classes = {
	};
	objectVersion = 77;
	objects = {

/* Begin PBXContainerItemProxy section */
		C468C9452EE1579000112603 /* PBXContainerItemProxy */ = {
			isa = PBXContainerItemProxy;
			containerPortal = C468C9262EE1578F00112603 /* Project object */;
			proxyType = 1;
			remoteGlobalIDString = C468C92D2EE1578F00112603;
			remoteInfo = GameControllerBehavior;
		};
		C468C94F2EE1579000112603 /* PBXContainerItemProxy */ = {
			isa = PBXContainerItemProxy;
			containerPortal = C468C9262EE1578F00112603 /* Project object */;
			proxyType = 1;
			remoteGlobalIDString = C468C92D2EE1578F00112603;
			remoteInfo = GameControllerBehavior;
		};
/* End PBXContainerItemProxy section */

/* Begin PBXFileReference section */
		C468C92E2EE1578F00112603 /* GameControllerBehavior.app */ = {isa = PBXFileReference; explicitFileType = wrapper.application; includeInIndex = 0; path = GameControllerBehavior.app; sourceTree = BUILT_PRODUCTS_DIR; };
		C468C9442EE1579000112603 /* GameControllerBehaviorTests.xctest */ = {isa = PBXFileReference; explicitFileType = wrapper.cfbundle; includeInIndex = 0; path = GameControllerBehaviorTests.xctest; sourceTree = BUILT_PRODUCTS_DIR; };
		C468C94E2EE1579000112603 /* GameControllerBehaviorUITests.xctest */ = {isa = PBXFileReference; explicitFileType = wrapper.cfbundle; includeInIndex = 0; path = GameControllerBehaviorUITests.xctest; sourceTree = BUILT_PRODUCTS_DIR; };
/* End PBXFileReference section */

/* Begin PBXFileSystemSynchronizedBuildFileExceptionSet section */
		C468C9562EE1579000112603 /* Exceptions for "GameControllerBehavior" folder in "GameControllerBehavior" target */ = {
			isa = PBXFileSystemSynchronizedBuildFileExceptionSet;
			membershipExceptions = (
				Info.plist,
			);
			target = C468C92D2EE1578F00112603 /* GameControllerBehavior */;
		};
/* End PBXFileSystemSynchronizedBuildFileExceptionSet section */

/* Begin PBXFileSystemSynchronizedRootGroup section */
		C468C9302EE1578F00112603 /* GameControllerBehavior */ = {
			isa = PBXFileSystemSynchronizedRootGroup;
			exceptions = (
				C468C9562EE1579000112603 /* Exceptions for "GameControllerBehavior" folder in "GameControllerBehavior" target */,
			);
			path = GameControllerBehavior;
			sourceTree = "<group>";
		};
		C468C9472EE1579000112603 /* GameControllerBehaviorTests */ = {
			isa = PBXFileSystemSynchronizedRootGroup;
			path = GameControllerBehaviorTests;
			sourceTree = "<group>";
		};
		C468C9512EE1579000112603 /* GameControllerBehaviorUITests */ = {
			isa = PBXFileSystemSynchronizedRootGroup;
			path = GameControllerBehaviorUITests;
			sourceTree = "<group>";
		};
/* End PBXFileSystemSynchronizedRootGroup section */

/* Begin PBXFrameworksBuildPhase section */
		C468C92B2EE1578F00112603 /* Frameworks */ = {
			isa = PBXFrameworksBuildPhase;
			buildActionMask = 2147483647;
			files = (
			);
			runOnlyForDeploymentPostprocessing = 0;
		};
		C468C9412EE1579000112603 /* Frameworks */ = {
			isa = PBXFrameworksBuildPhase;
			buildActionMask = 2147483647;
			files = (
			);
			runOnlyForDeploymentPostprocessing = 0;
		};
		C468C94B2EE1579000112603 /* Frameworks */ = {
			isa = PBXFrameworksBuildPhase;
			buildActionMask = 2147483647;
			files = (
			);
			runOnlyForDeploymentPostprocessing = 0;
		};
/* End PBXFrameworksBuildPhase section */

/* Begin PBXGroup section */
		C468C9252EE1578F00112603 = {
			isa = PBXGroup;
			children = (
				C468C9302EE1578F00112603 /* GameControllerBehavior */,
				C468C9472EE1579000112603 /* GameControllerBehaviorTests */,
				C468C9512EE1579000112603 /* GameControllerBehaviorUITests */,
				C468C92F2EE1578F00112603 /* Products */,
			);
			sourceTree = "<group>";
		};
		C468C92F2EE1578F00112603 /* Products */ = {
			isa = PBXGroup;
			children = (
				C468C92E2EE1578F00112603 /* GameControllerBehavior.app */,
				C468C9442EE1579000112603 /* GameControllerBehaviorTests.xctest */,
				C468C94E2EE1579000112603 /* GameControllerBehaviorUITests.xctest */,
			);
			name = Products;
			sourceTree = "<group>";
		};
/* End PBXGroup section */

/* Begin PBXNativeTarget section */
		C468C92D2EE1578F00112603 /* GameControllerBehavior */ = {
			isa = PBXNativeTarget;
			buildConfigurationList = C468C9572EE1579000112603 /* Build configuration list for PBXNativeTarget "GameControllerBehavior" */;
			buildPhases = (
				C468C92A2EE1578F00112603 /* Sources */,
				C468C92B2EE1578F00112603 /* Frameworks */,
				C468C92C2EE1578F00112603 /* Resources */,
			);
			buildRules = (
			);
			dependencies = (
			);
			fileSystemSynchronizedGroups = (
				C468C9302EE1578F00112603 /* GameControllerBehavior */,
			);
			name = GameControllerBehavior;
			packageProductDependencies = (
			);
			productName = GameControllerBehavior;
			productReference = C468C92E2EE1578F00112603 /* GameControllerBehavior.app */;
			productType = "com.apple.product-type.application";
		};
		C468C9432EE1579000112603 /* GameControllerBehaviorTests */ = {
			isa = PBXNativeTarget;
			buildConfigurationList = C468C95C2EE1579000112603 /* Build configuration list for PBXNativeTarget "GameControllerBehaviorTests" */;
			buildPhases = (
				C468C9402EE1579000112603 /* Sources */,
				C468C9412EE1579000112603 /* Frameworks */,
				C468C9422EE1579000112603 /* Resources */,
			);
			buildRules = (
			);
			dependencies = (
				C468C9462EE1579000112603 /* PBXTargetDependency */,
			);
			fileSystemSynchronizedGroups = (
				C468C9472EE1579000112603 /* GameControllerBehaviorTests */,
			);
			name = GameControllerBehaviorTests;
			packageProductDependencies = (
			);
			productName = GameControllerBehaviorTests;
			productReference = C468C9442EE1579000112603 /* GameControllerBehaviorTests.xctest */;
			productType = "com.apple.product-type.bundle.unit-test";
		};
		C468C94D2EE1579000112603 /* GameControllerBehaviorUITests */ = {
			isa = PBXNativeTarget;
			buildConfigurationList = C468C95F2EE1579000112603 /* Build configuration list for PBXNativeTarget "GameControllerBehaviorUITests" */;
			buildPhases = (
				C468C94A2EE1579000112603 /* Sources */,
				C468C94B2EE1579000112603 /* Frameworks */,
				C468C94C2EE1579000112603 /* Resources */,
			);
			buildRules = (
			);
			dependencies = (
				C468C9502EE1579000112603 /* PBXTargetDependency */,
			);
			fileSystemSynchronizedGroups = (
				C468C9512EE1579000112603 /* GameControllerBehaviorUITests */,
			);
			name = GameControllerBehaviorUITests;
			packageProductDependencies = (
			);
			productName = GameControllerBehaviorUITests;
			productReference = C468C94E2EE1579000112603 /* GameControllerBehaviorUITests.xctest */;
			productType = "com.apple.product-type.bundle.ui-testing";
		};
/* End PBXNativeTarget section */

/* Begin PBXProject section */
		C468C9262EE1578F00112603 /* Project object */ = {
			isa = PBXProject;
			attributes = {
				BuildIndependentTargetsInParallel = 1;
				LastSwiftUpdateCheck = 2610;
				LastUpgradeCheck = 2610;
				TargetAttributes = {
					C468C92D2EE1578F00112603 = {
						CreatedOnToolsVersion = 26.1.1;
					};
					C468C9432EE1579000112603 = {
						CreatedOnToolsVersion = 26.1.1;
						TestTargetID = C468C92D2EE1578F00112603;
					};
					C468C94D2EE1579000112603 = {
						CreatedOnToolsVersion = 26.1.1;
						TestTargetID = C468C92D2EE1578F00112603;
					};
				};
			};
			buildConfigurationList = C468C9292EE1578F00112603 /* Build configuration list for PBXProject "GameControllerBehavior" */;
			developmentRegion = en;
			hasScannedForEncodings = 0;
			knownRegions = (
				en,
				Base,
			);
			mainGroup = C468C9252EE1578F00112603;
			minimizedProjectReferenceProxies = 1;
			preferredProjectObjectVersion = 77;
			productRefGroup = C468C92F2EE1578F00112603 /* Products */;
			projectDirPath = "";
			projectRoot = "";
			targets = (
				C468C92D2EE1578F00112603 /* GameControllerBehavior */,
				C468C9432EE1579000112603 /* GameControllerBehaviorTests */,
				C468C94D2EE1579000112603 /* GameControllerBehaviorUITests */,
			);
		};
/* End PBXProject section */

/* Begin PBXResourcesBuildPhase section */
		C468C92C2EE1578F00112603 /* Resources */ = {
			isa = PBXResourcesBuildPhase;
			buildActionMask = 2147483647;
			files = (
			);
			runOnlyForDeploymentPostprocessing = 0;
		};
		C468C9422EE1579000112603 /* Resources */ = {
			isa = PBXResourcesBuildPhase;
			buildActionMask = 2147483647;
			files = (
			);
			runOnlyForDeploymentPostprocessing = 0;
		};
		C468C94C2EE1579000112603 /* Resources */ = {
			isa = PBXResourcesBuildPhase;
			buildActionMask = 2147483647;
			files = (
			);
			runOnlyForDeploymentPostprocessing = 0;
		};
/* End PBXResourcesBuildPhase section */

/* Begin PBXSourcesBuildPhase section */
		C468C92A2EE1578F00112603 /* Sources */ = {
			isa = PBXSourcesBuildPhase;
			buildActionMask = 2147483647;
			files = (
			);
			runOnlyForDeploymentPostprocessing = 0;
		};
		C468C9402EE1579000112603 /* Sources */ = {
			isa = PBXSourcesBuildPhase;
			buildActionMask = 2147483647;
			files = (
			);
			runOnlyForDeploymentPostprocessing = 0;
		};
		C468C94A2EE1579000112603 /* Sources */ = {
			isa = PBXSourcesBuildPhase;
			buildActionMask = 2147483647;
			files = (
			);
			runOnlyForDeploymentPostprocessing = 0;
		};
/* End PBXSourcesBuildPhase section */

/* Begin PBXTargetDependency section */
		C468C9462EE1579000112603 /* PBXTargetDependency */ = {
			isa = PBXTargetDependency;
			target = C468C92D2EE1578F00112603 /* GameControllerBehavior */;
			targetProxy = C468C9452EE1579000112603 /* PBXContainerItemProxy */;
		};
		C468C9502EE1579000112603 /* PBXTargetDependency */ = {
			isa = PBXTargetDependency;
			target = C468C92D2EE1578F00112603 /* GameControllerBehavior */;
			targetProxy = C468C94F2EE1579000112603 /* PBXContainerItemProxy */;
		};
/* End PBXTargetDependency section */

/* Begin XCBuildConfiguration section */
		C468C9582EE1579000112603 /* Debug */ = {
			isa = XCBuildConfiguration;
			buildSettings = {
				ASSETCATALOG_COMPILER_APPICON_NAME = AppIcon;
				ASSETCATALOG_COMPILER_GLOBAL_ACCENT_COLOR_NAME = AccentColor;
				CODE_SIGN_STYLE = Automatic;
				CURRENT_PROJECT_VERSION = 1;
				DEVELOPMENT_TEAM = 8G7W6WCEM9;
				GENERATE_INFOPLIST_FILE = YES;
				INFOPLIST_FILE = GameControllerBehavior/Info.plist;
				INFOPLIST_KEY_UIApplicationSupportsIndirectInputEvents = YES;
				INFOPLIST_KEY_UILaunchStoryboardName = LaunchScreen;
				INFOPLIST_KEY_UIMainStoryboardFile = Main;
				INFOPLIST_KEY_UISupportedInterfaceOrientations_iPad = "UIInterfaceOrientationPortrait UIInterfaceOrientationPortraitUpsideDown UIInterfaceOrientationLandscapeLeft UIInterfaceOrientationLandscapeRight";
				INFOPLIST_KEY_UISupportedInterfaceOrientations_iPhone = "UIInterfaceOrientationPortrait UIInterfaceOrientationLandscapeLeft UIInterfaceOrientationLandscapeRight";
				LD_RUNPATH_SEARCH_PATHS = (
					"$(inherited)",
					"@executable_path/Frameworks",
				);
				MARKETING_VERSION = 1.0;
				PRODUCT_BUNDLE_IDENTIFIER = net.cockleburr.GameControllerBehavior;
				PRODUCT_NAME = "$(TARGET_NAME)";
				STRING_CATALOG_GENERATE_SYMBOLS = YES;
				SWIFT_APPROACHABLE_CONCURRENCY = YES;
				SWIFT_DEFAULT_ACTOR_ISOLATION = MainActor;
				SWIFT_EMIT_LOC_STRINGS = YES;
				SWIFT_UPCOMING_FEATURE_MEMBER_IMPORT_VISIBILITY = YES;
				SWIFT_VERSION = 5.0;
				TARGETED_DEVICE_FAMILY = "1,2";
			};
			name = Debug;
		};
		C468C9592EE1579000112603 /* Release */ = {
			isa = XCBuildConfiguration;
			buildSettings = {
				ASSETCATALOG_COMPILER_APPICON_NAME = AppIcon;
				ASSETCATALOG_COMPILER_GLOBAL_ACCENT_COLOR_NAME = AccentColor;
				CODE_SIGN_STYLE = Automatic;
				CURRENT_PROJECT_VERSION = 1;
				DEVELOPMENT_TEAM = 8G7W6WCEM9;
				GENERATE_INFOPLIST_FILE = YES;
				INFOPLIST_FILE = GameControllerBehavior/Info.plist;
				INFOPLIST_KEY_UIApplicationSupportsIndirectInputEvents = YES;
				INFOPLIST_KEY_UILaunchStoryboardName = LaunchScreen;
				INFOPLIST_KEY_UIMainStoryboardFile = Main;
				INFOPLIST_KEY_UISupportedInterfaceOrientations_iPad = "UIInterfaceOrientationPortrait UIInterfaceOrientationPortraitUpsideDown UIInterfaceOrientationLandscapeLeft UIInterfaceOrientationLandscapeRight";
				INFOPLIST_KEY_UISupportedInterfaceOrientations_iPhone = "UIInterfaceOrientationPortrait UIInterfaceOrientationLandscapeLeft UIInterfaceOrientationLandscapeRight";
				LD_RUNPATH_SEARCH_PATHS = (
					"$(inherited)",
					"@executable_path/Frameworks",
				);
				MARKETING_VERSION = 1.0;
				PRODUCT_BUNDLE_IDENTIFIER = net.cockleburr.GameControllerBehavior;
				PRODUCT_NAME = "$(TARGET_NAME)";
				STRING_CATALOG_GENERATE_SYMBOLS = YES;
				SWIFT_APPROACHABLE_CONCURRENCY = YES;
				SWIFT_DEFAULT_ACTOR_ISOLATION = MainActor;
				SWIFT_EMIT_LOC_STRINGS = YES;
				SWIFT_UPCOMING_FEATURE_MEMBER_IMPORT_VISIBILITY = YES;
				SWIFT_VERSION = 5.0;
				TARGETED_DEVICE_FAMILY = "1,2";
			};
			name = Release;
		};
		C468C95A2EE1579000112603 /* Debug */ = {
			isa = XCBuildConfiguration;
			buildSettings = {
				ALWAYS_SEARCH_USER_PATHS = NO;
				ASSETCATALOG_COMPILER_GENERATE_SWIFT_ASSET_SYMBOL_EXTENSIONS = YES;
				CLANG_ANALYZER_NONNULL = YES;
				CLANG_ANALYZER_NUMBER_OBJECT_CONVERSION = YES_AGGRESSIVE;
				CLANG_CXX_LANGUAGE_STANDARD = "gnu++20";
				CLANG_ENABLE_MODULES = YES;
				CLANG_ENABLE_OBJC_ARC = YES;
				CLANG_ENABLE_OBJC_WEAK = YES;
				CLANG_WARN_BLOCK_CAPTURE_AUTORELEASING = YES;
				CLANG_WARN_BOOL_CONVERSION = YES;
				CLANG_WARN_COMMA = YES;
				CLANG_WARN_CONSTANT_CONVERSION = YES;
				CLANG_WARN_DEPRECATED_OBJC_IMPLEMENTATIONS = YES;
				CLANG_WARN_DIRECT_OBJC_ISA_USAGE = YES_ERROR;
				CLANG_WARN_DOCUMENTATION_COMMENTS = YES;
				CLANG_WARN_EMPTY_BODY = YES;
				CLANG_WARN_ENUM_CONVERSION = YES;
				CLANG_WARN_INFINITE_RECURSION = YES;
				CLANG_WARN_INT_CONVERSION = YES;
				CLANG_WARN_NON_LITERAL_NULL_CONVERSION = YES;
				CLANG_WARN_OBJC_IMPLICIT_RETAIN_SELF = YES;
				CLANG_WARN_OBJC_LITERAL_CONVERSION = YES;
				CLANG_WARN_OBJC_ROOT_CLASS = YES_ERROR;
				CLANG_WARN_QUOTED_INCLUDE_IN_FRAMEWORK_HEADER = YES;
				CLANG_WARN_RANGE_LOOP_ANALYSIS = YES;
				CLANG_WARN_STRICT_PROTOTYPES = YES;
				CLANG_WARN_SUSPICIOUS_MOVE = YES;
				CLANG_WARN_UNGUARDED_AVAILABILITY = YES_AGGRESSIVE;
				CLANG_WARN_UNREACHABLE_CODE = YES;
				CLANG_WARN__DUPLICATE_METHOD_MATCH = YES;
				COPY_PHASE_STRIP = NO;
				DEBUG_INFORMATION_FORMAT = dwarf;
				DEVELOPMENT_TEAM = 8G7W6WCEM9;
				ENABLE_STRICT_OBJC_MSGSEND = YES;
				ENABLE_TESTABILITY = YES;
				ENABLE_USER_SCRIPT_SANDBOXING = YES;
				GCC_C_LANGUAGE_STANDARD = gnu17;
				GCC_DYNAMIC_NO_PIC = NO;
				GCC_NO_COMMON_BLOCKS = YES;
				GCC_OPTIMIZATION_LEVEL = 0;
				GCC_PREPROCESSOR_DEFINITIONS = (
					"DEBUG=1",
					"$(inherited)",
				);
				GCC_WARN_64_TO_32_BIT_CONVERSION = YES;
				GCC_WARN_ABOUT_RETURN_TYPE = YES_ERROR;
				GCC_WARN_UNDECLARED_SELECTOR = YES;
				GCC_WARN_UNINITIALIZED_AUTOS = YES_AGGRESSIVE;
				GCC_WARN_UNUSED_FUNCTION = YES;
				GCC_WARN_UNUSED_VARIABLE = YES;
				IPHONEOS_DEPLOYMENT_TARGET = 26.1;
				LOCALIZATION_PREFERS_STRING_CATALOGS = YES;
				MTL_ENABLE_DEBUG_INFO = INCLUDE_SOURCE;
				MTL_FAST_MATH = YES;
				ONLY_ACTIVE_ARCH = YES;
				SDKROOT = iphoneos;
				SWIFT_ACTIVE_COMPILATION_CONDITIONS = "DEBUG $(inherited)";
				SWIFT_OPTIMIZATION_LEVEL = "-Onone";
			};
			name = Debug;
		};
		C468C95B2EE1579000112603 /* Release */ = {
			isa = XCBuildConfiguration;
			buildSettings = {
				ALWAYS_SEARCH_USER_PATHS = NO;
				ASSETCATALOG_COMPILER_GENERATE_SWIFT_ASSET_SYMBOL_EXTENSIONS = YES;
				CLANG_ANALYZER_NONNULL = YES;
				CLANG_ANALYZER_NUMBER_OBJECT_CONVERSION = YES_AGGRESSIVE;
				CLANG_CXX_LANGUAGE_STANDARD = "gnu++20";
				CLANG_ENABLE_MODULES = YES;
				CLANG_ENABLE_OBJC_ARC = YES;
				CLANG_ENABLE_OBJC_WEAK = YES;
				CLANG_WARN_BLOCK_CAPTURE_AUTORELEASING = YES;
				CLANG_WARN_BOOL_CONVERSION = YES;
				CLANG_WARN_COMMA = YES;
				CLANG_WARN_CONSTANT_CONVERSION = YES;
				CLANG_WARN_DEPRECATED_OBJC_IMPLEMENTATIONS = YES;
				CLANG_WARN_DIRECT_OBJC_ISA_USAGE = YES_ERROR;
				CLANG_WARN_DOCUMENTATION_COMMENTS = YES;
				CLANG_WARN_EMPTY_BODY = YES;
				CLANG_WARN_ENUM_CONVERSION = YES;
				CLANG_WARN_INFINITE_RECURSION = YES;
				CLANG_WARN_INT_CONVERSION = YES;
				CLANG_WARN_NON_LITERAL_NULL_CONVERSION = YES;
				CLANG_WARN_OBJC_IMPLICIT_RETAIN_SELF = YES;
				CLANG_WARN_OBJC_LITERAL_CONVERSION = YES;
				CLANG_WARN_OBJC_ROOT_CLASS = YES_ERROR;
				CLANG_WARN_QUOTED_INCLUDE_IN_FRAMEWORK_HEADER = YES;
				CLANG_WARN_RANGE_LOOP_ANALYSIS = YES;
				CLANG_WARN_STRICT_PROTOTYPES = YES;
				CLANG_WARN_SUSPICIOUS_MOVE = YES;
				CLANG_WARN_UNGUARDED_AVAILABILITY = YES_AGGRESSIVE;
				CLANG_WARN_UNREACHABLE_CODE = YES;
				CLANG_WARN__DUPLICATE_METHOD_MATCH = YES;
				COPY_PHASE_STRIP = NO;
				DEBUG_INFORMATION_FORMAT = "dwarf-with-dsym";
				DEVELOPMENT_TEAM = 8G7W6WCEM9;
				ENABLE_NS_ASSERTIONS = NO;
				ENABLE_STRICT_OBJC_MSGSEND = YES;
				ENABLE_USER_SCRIPT_SANDBOXING = YES;
				GCC_C_LANGUAGE_STANDARD = gnu17;
				GCC_NO_COMMON_BLOCKS = YES;
				GCC_WARN_64_TO_32_BIT_CONVERSION = YES;
				GCC_WARN_ABOUT_RETURN_TYPE = YES_ERROR;
				GCC_WARN_UNDECLARED_SELECTOR = YES;
				GCC_WARN_UNINITIALIZED_AUTOS = YES_AGGRESSIVE;
				GCC_WARN_UNUSED_FUNCTION = YES;
				GCC_WARN_UNUSED_VARIABLE = YES;
				IPHONEOS_DEPLOYMENT_TARGET = 26.1;
				LOCALIZATION_PREFERS_STRING_CATALOGS = YES;
				MTL_ENABLE_DEBUG_INFO = NO;
				MTL_FAST_MATH = YES;
				SDKROOT = iphoneos;
				SWIFT_COMPILATION_MODE = wholemodule;
				VALIDATE_PRODUCT = YES;
			};
			name = Release;
		};
		C468C95D2EE1579000112603 /* Debug */ = {
			isa = XCBuildConfiguration;
			buildSettings = {
				BUNDLE_LOADER = "$(TEST_HOST)";
				CODE_SIGN_STYLE = Automatic;
				CURRENT_PROJECT_VERSION = 1;
				DEVELOPMENT_TEAM = 8G7W6WCEM9;
				GENERATE_INFOPLIST_FILE = YES;
				IPHONEOS_DEPLOYMENT_TARGET = 26.1;
				MARKETING_VERSION = 1.0;
				PRODUCT_BUNDLE_IDENTIFIER = net.cockleburr.GameControllerBehaviorTests;
				PRODUCT_NAME = "$(TARGET_NAME)";
				STRING_CATALOG_GENERATE_SYMBOLS = NO;
				SWIFT_APPROACHABLE_CONCURRENCY = YES;
				SWIFT_EMIT_LOC_STRINGS = NO;
				SWIFT_UPCOMING_FEATURE_MEMBER_IMPORT_VISIBILITY = YES;
				SWIFT_VERSION = 5.0;
				TARGETED_DEVICE_FAMILY = "1,2";
				TEST_HOST = "$(BUILT_PRODUCTS_DIR)/GameControllerBehavior.app/$(BUNDLE_EXECUTABLE_FOLDER_PATH)/GameControllerBehavior";
			};
			name = Debug;
		};
		C468C95E2EE1579000112603 /* Release */ = {
			isa = XCBuildConfiguration;
			buildSettings = {
				BUNDLE_LOADER = "$(TEST_HOST)";
				CODE_SIGN_STYLE = Automatic;
				CURRENT_PROJECT_VERSION = 1;
				DEVELOPMENT_TEAM = 8G7W6WCEM9;
				GENERATE_INFOPLIST_FILE = YES;
				IPHONEOS_DEPLOYMENT_TARGET = 26.1;
				MARKETING_VERSION = 1.0;
				PRODUCT_BUNDLE_IDENTIFIER = net.cockleburr.GameControllerBehaviorTests;
				PRODUCT_NAME = "$(TARGET_NAME)";
				STRING_CATALOG_GENERATE_SYMBOLS = NO;
				SWIFT_APPROACHABLE_CONCURRENCY = YES;
				SWIFT_EMIT_LOC_STRINGS = NO;
				SWIFT_UPCOMING_FEATURE_MEMBER_IMPORT_VISIBILITY = YES;
				SWIFT_VERSION = 5.0;
				TARGETED_DEVICE_FAMILY = "1,2";
				TEST_HOST = "$(BUILT_PRODUCTS_DIR)/GameControllerBehavior.app/$(BUNDLE_EXECUTABLE_FOLDER_PATH)/GameControllerBehavior";
			};
			name = Release;
		};
		C468C9602EE1579000112603 /* Debug */ = {
			isa = XCBuildConfiguration;
			buildSettings = {
				CODE_SIGN_STYLE = Automatic;
				CURRENT_PROJECT_VERSION = 1;
				DEVELOPMENT_TEAM = 8G7W6WCEM9;
				GENERATE_INFOPLIST_FILE = YES;
				MARKETING_VERSION = 1.0;
				PRODUCT_BUNDLE_IDENTIFIER = net.cockleburr.GameControllerBehaviorUITests;
				PRODUCT_NAME = "$(TARGET_NAME)";
				STRING_CATALOG_GENERATE_SYMBOLS = NO;
				SWIFT_APPROACHABLE_CONCURRENCY = YES;
				SWIFT_EMIT_LOC_STRINGS = NO;
				SWIFT_UPCOMING_FEATURE_MEMBER_IMPORT_VISIBILITY = YES;
				SWIFT_VERSION = 5.0;
				TARGETED_DEVICE_FAMILY = "1,2";
				TEST_TARGET_NAME = GameControllerBehavior;
			};
			name = Debug;
		};
		C468C9612EE1579000112603 /* Release */ = {
			isa = XCBuildConfiguration;
			buildSettings = {
				CODE_SIGN_STYLE = Automatic;
				CURRENT_PROJECT_VERSION = 1;
				DEVELOPMENT_TEAM = 8G7W6WCEM9;
				GENERATE_INFOPLIST_FILE = YES;
				MARKETING_VERSION = 1.0;
				PRODUCT_BUNDLE_IDENTIFIER = net.cockleburr.GameControllerBehaviorUITests;
				PRODUCT_NAME = "$(TARGET_NAME)";
				STRING_CATALOG_GENERATE_SYMBOLS = NO;
				SWIFT_APPROACHABLE_CONCURRENCY = YES;
				SWIFT_EMIT_LOC_STRINGS = NO;
				SWIFT_UPCOMING_FEATURE_MEMBER_IMPORT_VISIBILITY = YES;
				SWIFT_VERSION = 5.0;
				TARGETED_DEVICE_FAMILY = "1,2";
				TEST_TARGET_NAME = GameControllerBehavior;
			};
			name = Release;
		};
/* End XCBuildConfiguration section */

/* Begin XCConfigurationList section */
		C468C9292EE1578F00112603 /* Build configuration list for PBXProject "GameControllerBehavior" */ = {
			isa = XCConfigurationList;
			buildConfigurations = (
				C468C95A2EE1579000112603 /* Debug */,
				C468C95B2EE1579000112603 /* Release */,
			);
			defaultConfigurationIsVisible = 0;
			defaultConfigurationName = Release;
		};
		C468C9572EE1579000112603 /* Build configuration list for PBXNativeTarget "GameControllerBehavior" */ = {
			isa = XCConfigurationList;
			buildConfigurations = (
				C468C9582EE1579000112603 /* Debug */,
				C468C9592EE1579000112603 /* Release */,
			);
			defaultConfigurationIsVisible = 0;
			defaultConfigurationName = Release;
		};
		C468C95C2EE1579000112603 /* Build configuration list for PBXNativeTarget "GameControllerBehaviorTests" */ = {
			isa = XCConfigurationList;
			buildConfigurations = (
				C468C95D2EE1579000112603 /* Debug */,
				C468C95E2EE1579000112603 /* Release */,
			);
			defaultConfigurationIsVisible = 0;
			defaultConfigurationName = Release;
		};
		C468C95F2EE1579000112603 /* Build configuration list for PBXNativeTarget "GameControllerBehaviorUITests" */ = {
			isa = XCConfigurationList;
			buildConfigurations = (
				C468C9602EE1579000112603 /* Debug */,
				C468C9612EE1579000112603 /* Release */,
			);
			defaultConfigurationIsVisible = 0;
			defaultConfigurationName = Release;
		};
/* End XCConfigurationList section */
	};
	rootObject = C468C9262EE1578F00112603 /* Project object */;
}
